
Microsoft Visual Studio Solution File, Format Version 12.00
# Visual Studio Version 17
VisualStudioVersion = 17.0.32014.148
MinimumVisualStudioVersion = 10.0.40219.1
Project("{FAE04EC0-301F-11D3-BF4B-00C04F79EFBC}") = "DataAggregator", "DataAggregator\DataAggregator.csproj", "{209B207F-8C8D-4A36-870F-D648F78E7AF7}"
EndProject
Global
	GlobalSection(SolutionConfigurationPlatforms) = preSolution
		Debug|Any CPU = Debug|Any CPU
		Release|Any CPU = Release|Any CPU
	EndGlobalSection
	GlobalSection(ProjectConfigurationPlatforms) = postSolution
		{209B207F-8C8D-4A36-870F-D648F78E7AF7}.Debug|Any CPU.ActiveCfg = Debug|Any CPU
		{209B207F-8C8D-4A36-870F-D648F78E7AF7}.Debug|Any CPU.Build.0 = Debug|Any CPU
		{209B207F-8C8D-4A36-870F-D648F78E7AF7}.Release|Any CPU.ActiveCfg = Release|Any CPU
		{209B207F-8C8D-4A36-870F-D648F78E7AF7}.Release|Any CPU.Build.0 = Release|Any CPU
	EndGlobalSection
	GlobalSection(SolutionProperties) = preSolution
		HideSolutionNode = FALSE
	EndGlobalSection
	GlobalSection(ExtensibilityGlobals) = postSolution
		SolutionGuid = {AAB75ED6-9541-4FFE-9092-F8B6103D4349}
	EndGlobalSection
EndGlobal
